
Microsoft Visual Studio Solution File, Format Version 12.00
# Visual Studio 15
VisualStudioVersion = 15.0.27703.2042
MinimumVisualStudioVersion = 10.0.40219.1
Project("{9A19103F-16F7-4668-BE54-9A1E7A4F7556}") = "AKSWebsite", "AKSWebsite\AKSWebsite.csproj", "{28AE2A1E-5350-4CF0-BC7E-48BB338FEBFF}"
EndProject
Project("{E53339B2-1760-4266-BCC7-CA923CBCF16C}") = "docker-compose", "docker-compose.dcproj", "{7264DC1D-7226-44B6-8D97-BC2A80F5B0CB}"
EndProject
Project("{9A19103F-16F7-4668-BE54-9A1E7A4F7556}") = "AKSAPI", "AKSAPI\AKSAPI.csproj", "{6F76E108-3A02-4BDC-B5BD-2C8206C58765}"
EndProject
Global
	GlobalSection(SolutionConfigurationPlatforms) = preSolution
		Debug|Any CPU = Debug|Any CPU
		Release|Any CPU = Release|Any CPU
	EndGlobalSection
	GlobalSection(ProjectConfigurationPlatforms) = postSolution
		{28AE2A1E-5350-4CF0-BC7E-48BB338FEBFF}.Debug|Any CPU.ActiveCfg = Debug|Any CPU
		{28AE2A1E-5350-4CF0-BC7E-48BB338FEBFF}.Debug|Any CPU.Build.0 = Debug|Any CPU
		{28AE2A1E-5350-4CF0-BC7E-48BB338FEBFF}.Release|Any CPU.ActiveCfg = Release|Any CPU
		{28AE2A1E-5350-4CF0-BC7E-48BB338FEBFF}.Release|Any CPU.Build.0 = Release|Any CPU
		{7264DC1D-7226-44B6-8D97-BC2A80F5B0CB}.Debug|Any CPU.ActiveCfg = Debug|Any CPU
		{7264DC1D-7226-44B6-8D97-BC2A80F5B0CB}.Debug|Any CPU.Build.0 = Debug|Any CPU
		{7264DC1D-7226-44B6-8D97-BC2A80F5B0CB}.Release|Any CPU.ActiveCfg = Release|Any CPU
		{7264DC1D-7226-44B6-8D97-BC2A80F5B0CB}.Release|Any CPU.Build.0 = Release|Any CPU
		{6F76E108-3A02-4BDC-B5BD-2C8206C58765}.Debug|Any CPU.ActiveCfg = Debug|Any CPU
		{6F76E108-3A02-4BDC-B5BD-2C8206C58765}.Debug|Any CPU.Build.0 = Debug|Any CPU
		{6F76E108-3A02-4BDC-B5BD-2C8206C58765}.Release|Any CPU.ActiveCfg = Release|Any CPU
		{6F76E108-3A02-4BDC-B5BD-2C8206C58765}.Release|Any CPU.Build.0 = Release|Any CPU
	EndGlobalSection
	GlobalSection(SolutionProperties) = preSolution
		HideSolutionNode = FALSE
	EndGlobalSection
	GlobalSection(ExtensibilityGlobals) = postSolution
		SolutionGuid = {C43E0738-79D9-401E-88F1-197DEEB2452A}
	EndGlobalSection
EndGlobal
